
Microsoft Visual Studio Solution File, Format Version 12.00
# Visual Studio Version 17
VisualStudioVersion = 17.3.32929.385
MinimumVisualStudioVersion = 10.0.40219.1
Project("{9A19103F-16F7-4668-BE54-9A1E7A4F7556}") = "Plannerico.Services", "Plannerico.Services\Plannerico.Services.csproj", "{9C3B9FC0-235D-4EC9-A052-CB6DEE7451F0}"
EndProject
Project("{9A19103F-16F7-4668-BE54-9A1E7A4F7556}") = "Plannerico.Data", "Plannerico.Data\Plannerico.Data.csproj", "{596A15F0-D188-4705-8843-06AE6C7F05BD}"
EndProject
Project("{9A19103F-16F7-4668-BE54-9A1E7A4F7556}") = "IdentityServer", "IdentityServer\IdentityServer.csproj", "{8DEDEECA-E0AC-4B01-B8D4-97638780585A}"
EndProject
Project("{FAE04EC0-301F-11D3-BF4B-00C04F79EFBC}") = "Plannerico.Web", "Plannerico.Web\Plannerico.Web.csproj", "{1FAC6D4D-0B73-4DBA-BC0E-FB683CD58DC5}"
EndProject
Global
	GlobalSection(SolutionConfigurationPlatforms) = preSolution
		Debug|Any CPU = Debug|Any CPU
		Release|Any CPU = Release|Any CPU
	EndGlobalSection
	GlobalSection(ProjectConfigurationPlatforms) = postSolution
		{9C3B9FC0-235D-4EC9-A052-CB6DEE7451F0}.Debug|Any CPU.ActiveCfg = Debug|Any CPU
		{9C3B9FC0-235D-4EC9-A052-CB6DEE7451F0}.Debug|Any CPU.Build.0 = Debug|Any CPU
		{9C3B9FC0-235D-4EC9-A052-CB6DEE7451F0}.Release|Any CPU.ActiveCfg = Release|Any CPU
		{9C3B9FC0-235D-4EC9-A052-CB6DEE7451F0}.Release|Any CPU.Build.0 = Release|Any CPU
		{596A15F0-D188-4705-8843-06AE6C7F05BD}.Debug|Any CPU.ActiveCfg = Debug|Any CPU
		{596A15F0-D188-4705-8843-06AE6C7F05BD}.Debug|Any CPU.Build.0 = Debug|Any CPU
		{596A15F0-D188-4705-8843-06AE6C7F05BD}.Release|Any CPU.ActiveCfg = Release|Any CPU
		{596A15F0-D188-4705-8843-06AE6C7F05BD}.Release|Any CPU.Build.0 = Release|Any CPU
		{8DEDEECA-E0AC-4B01-B8D4-97638780585A}.Debug|Any CPU.ActiveCfg = Debug|Any CPU
		{8DEDEECA-E0AC-4B01-B8D4-97638780585A}.Debug|Any CPU.Build.0 = Debug|Any CPU
		{8DEDEECA-E0AC-4B01-B8D4-97638780585A}.Release|Any CPU.ActiveCfg = Release|Any CPU
		{8DEDEECA-E0AC-4B01-B8D4-97638780585A}.Release|Any CPU.Build.0 = Release|Any CPU
		{1FAC6D4D-0B73-4DBA-BC0E-FB683CD58DC5}.Debug|Any CPU.ActiveCfg = Debug|Any CPU
		{1FAC6D4D-0B73-4DBA-BC0E-FB683CD58DC5}.Debug|Any CPU.Build.0 = Debug|Any CPU
		{1FAC6D4D-0B73-4DBA-BC0E-FB683CD58DC5}.Release|Any CPU.ActiveCfg = Release|Any CPU
		{1FAC6D4D-0B73-4DBA-BC0E-FB683CD58DC5}.Release|Any CPU.Build.0 = Release|Any CPU
	EndGlobalSection
	GlobalSection(SolutionProperties) = preSolution
		HideSolutionNode = FALSE
	EndGlobalSection
	GlobalSection(ExtensibilityGlobals) = postSolution
		SolutionGuid = {16CB4F99-B600-4C8A-9930-E261E2E371B9}
	EndGlobalSection
EndGlobal
